<?xml version="1.0" encoding="utf-8"?>
<Project ToolsVersion="4.0" xmlns="http://schemas.microsoft.com/developer/msbuild/2003">
  <ItemGroup>
    <Filter Include="Source Files">
      <UniqueIdentifier>{4FC737F1-C7A5-4376-A066-2A32D752A2FF}</UniqueIdentifier>
      <Extensions>cpp;c;cc;cxx;def;odl;idl;hpj;bat;asm;asmx</Extensions>
    </Filter>
    <Filter Include="Header Files">
      <UniqueIdentifier>{93995380-89BD-4b04-88EB-625FBE52EBFB}</UniqueIdentifier>
      <Extensions>h;hh;hpp;hxx;hm;inl;inc;xsd</Extensions>
    </Filter>
    <Filter Include="Resource Files">
      <UniqueIdentifier>{67DA6AB6-F800-4c08-8B7A-83BB121AAD01}</UniqueIdentifier>
      <Extensions>rc;ico;cur;bmp;dlg;rc2;rct;bin;rgs;gif;jpg;jpeg;jpe;resx;tiff;tif;png;wav;mfcribbon-ms</Extensions>
    </Filter>
    <Filter Include="ComCalLibrary">
      <UniqueIdentifier>{be64d0b6-af88-4d43-9045-9b808a9d8257}</UniqueIdentifier>
    </Filter>
    <Filter Include="ComCalLibrary\ComCalLibraryHeader">
      <UniqueIdentifier>{900af107-419a-4507-a781-81e308688cdf}</UniqueIdentifier>
    </Filter>
    <Filter Include="ComCalLibrary\ComCalLibraryCPP">
      <UniqueIdentifier>{8f8c93b2-5faf-46ab-8e17-6a6bbe7a0d0a}</UniqueIdentifier>
    </Filter>
    <Filter Include="ComCalLogic">
      <UniqueIdentifier>{b7589039-5198-4804-8b2e-386bd96371d6}</UniqueIdentifier>
    </Filter>
    <Filter Include="ComCalLogic\ComCalLogicHeader">
      <UniqueIdentifier>{ac1bd6c1-728f-4db4-b333-8ae8aa2b9b16}</UniqueIdentifier>
    </Filter>
    <Filter Include="ComCalLogic\ComCalLogicCPP">
      <UniqueIdentifier>{74693c8f-6f71-43bf-8a8b-eccb70e30f56}</UniqueIdentifier>
    </Filter>
  </ItemGroup>
  <ItemGroup>
    <ClCompile Include="Exceptions.cpp">
      <Filter>ComCalLibrary\ComCalLibraryCPP</Filter>
    </ClCompile>
    <ClCompile Include="SearchClause.cpp">
      <Filter>ComCalLibrary\ComCalLibraryCPP</Filter>
    </ClCompile>
    <ClCompile Include="Task.cpp">
      <Filter>ComCalLibrary\ComCalLibraryCPP</Filter>
    </ClCompile>
    <ClCompile Include="Add.cpp">
      <Filter>ComCalLogic\ComCalLogicCPP</Filter>
    </ClCompile>
    <ClCompile Include="Command.cpp">
      <Filter>ComCalLogic\ComCalLogicCPP</Filter>
    </ClCompile>
    <ClCompile Include="Delete.cpp">
      <Filter>ComCalLogic\ComCalLogicCPP</Filter>
    </ClCompile>
    <ClCompile Include="Done.cpp">
      <Filter>ComCalLogic\ComCalLogicCPP</Filter>
    </ClCompile>
    <ClCompile Include="Edit.cpp">
      <Filter>ComCalLogic\ComCalLogicCPP</Filter>
    </ClCompile>
    <ClCompile Include="HelpCom.cpp">
      <Filter>ComCalLogic\ComCalLogicCPP</Filter>
    </ClCompile>
    <ClCompile Include="Logic.cpp">
      <Filter>ComCalLogic\ComCalLogicCPP</Filter>
    </ClCompile>
    <ClCompile Include="Search.cpp">
      <Filter>ComCalLogic\ComCalLogicCPP</Filter>
    </ClCompile>
    <ClCompile Include="Show.cpp">
      <Filter>ComCalLogic\ComCalLogicCPP</Filter>
    </ClCompile>
    <ClCompile Include="Undone.cpp">
      <Filter>ComCalLogic\ComCalLogicCPP</Filter>
    </ClCompile>
    <ClCompile Include="MonthForm.cpp">
      <Filter>Source Files</Filter>
    </ClCompile>
    <ClCompile Include="Manipulator.cpp">
      <Filter>ComCalLibrary\ComCalLibraryCPP</Filter>
    </ClCompile>
    <ClCompile Include="TextManipulator.cpp">
      <Filter>ComCalLibrary\ComCalLibraryCPP</Filter>
    </ClCompile>
    <ClCompile Include="ComCalStarter.cpp">
      <Filter>Source Files</Filter>
    </ClCompile>
    <ClCompile Include="ComCalMain.cpp">
      <Filter>Source Files</Filter>
    </ClCompile>
  </ItemGroup>
  <ItemGroup>
    <ClInclude Include="MonthForm.h">
      <Filter>Header Files</Filter>
    </ClInclude>
    <ClInclude Include="ComCalLibrary.h">
      <Filter>ComCalLibrary</Filter>
    </ClInclude>
    <ClInclude Include="Exceptions.h">
      <Filter>ComCalLibrary\ComCalLibraryHeader</Filter>
    </ClInclude>
    <ClInclude Include="SearchClause.h">
      <Filter>ComCalLibrary\ComCalLibraryHeader</Filter>
    </ClInclude>
    <ClInclude Include="Task.h">
      <Filter>ComCalLibrary\ComCalLibraryHeader</Filter>
    </ClInclude>
    <ClInclude Include="Undone.h">
      <Filter>ComCalLogic\ComCalLogicHeader</Filter>
    </ClInclude>
    <ClInclude Include="Show.h">
      <Filter>ComCalLogic\ComCalLogicHeader</Filter>
    </ClInclude>
    <ClInclude Include="Search.h">
      <Filter>ComCalLogic\ComCalLogicHeader</Filter>
    </ClInclude>
    <ClInclude Include="Logic.h">
      <Filter>ComCalLogic\ComCalLogicHeader</Filter>
    </ClInclude>
    <ClInclude Include="HelpCom.h">
      <Filter>ComCalLogic\ComCalLogicHeader</Filter>
    </ClInclude>
    <ClInclude Include="Edit.h">
      <Filter>ComCalLogic\ComCalLogicHeader</Filter>
    </ClInclude>
    <ClInclude Include="Done.h">
      <Filter>ComCalLogic\ComCalLogicHeader</Filter>
    </ClInclude>
    <ClInclude Include="Delete.h">
      <Filter>ComCalLogic\ComCalLogicHeader</Filter>
    </ClInclude>
    <ClInclude Include="Command.h">
      <Filter>ComCalLogic\ComCalLogicHeader</Filter>
    </ClInclude>
    <ClInclude Include="Add.h">
      <Filter>ComCalLogic\ComCalLogicHeader</Filter>
    </ClInclude>
    <ClInclude Include="Manipulator.h">
      <Filter>ComCalLibrary\ComCalLibraryHeader</Filter>
    </ClInclude>
    <ClInclude Include="TextManipulator.h">
      <Filter>ComCalLibrary\ComCalLibraryHeader</Filter>
    </ClInclude>
    <ClInclude Include="ComCalStarter.h">
      <Filter>Header Files</Filter>
    </ClInclude>
  </ItemGroup>
  <ItemGroup>
    <EmbeddedResource Include="MonthForm.resx">
      <Filter>Resource Files</Filter>
    </EmbeddedResource>
  </ItemGroup>
</Project>